
Microsoft Visual Studio Solution File, Format Version 12.00
# Visual Studio Version 16
VisualStudioVersion = 16.0.31205.134
MinimumVisualStudioVersion = 10.0.40219.1
Project("{FAE04EC0-301F-11D3-BF4B-00C04F79EFBC}") = "XamarinAnime.UWP", "XamarinAnime\XamarinAnime.UWP\XamarinAnime.UWP.csproj", "{22773C85-4174-4565-9039-40EBE54E8AED}"
EndProject
Project("{FAE04EC0-301F-11D3-BF4B-00C04F79EFBC}") = "XamarinAnime.Android", "XamarinAnime\XamarinAnime.Android\XamarinAnime.Android.csproj", "{93D11BAB-D439-4424-B425-D34C964DD7A3}"
EndProject
Project("{FAE04EC0-301F-11D3-BF4B-00C04F79EFBC}") = "XamarinAnime.iOS", "XamarinAnime\XamarinAnime.iOS\XamarinAnime.iOS.csproj", "{9909ED2E-954D-462C-92B6-796B2816EE33}"
EndProject
Project("{FAE04EC0-301F-11D3-BF4B-00C04F79EFBC}") = "XamarinAnime", "XamarinAnime\XamarinAnime\XamarinAnime.csproj", "{C0E9A1B3-ADF5-46FF-865D-7FD4C445FF45}"
EndProject
Global
	GlobalSection(SolutionConfigurationPlatforms) = preSolution
		Debug|Any CPU = Debug|Any CPU
		Debug|ARM = Debug|ARM
		Debug|iPhone = Debug|iPhone
		Debug|iPhoneSimulator = Debug|iPhoneSimulator
		Debug|x64 = Debug|x64
		Debug|x86 = Debug|x86
		Release|Any CPU = Release|Any CPU
		Release|ARM = Release|ARM
		Release|iPhone = Release|iPhone
		Release|iPhoneSimulator = Release|iPhoneSimulator
		Release|x64 = Release|x64
		Release|x86 = Release|x86
	EndGlobalSection
	GlobalSection(ProjectConfigurationPlatforms) = postSolution
		{22773C85-4174-4565-9039-40EBE54E8AED}.Debug|Any CPU.ActiveCfg = Debug|x86
		{22773C85-4174-4565-9039-40EBE54E8AED}.Debug|Any CPU.Build.0 = Debug|x86
		{22773C85-4174-4565-9039-40EBE54E8AED}.Debug|Any CPU.Deploy.0 = Debug|x86
		{22773C85-4174-4565-9039-40EBE54E8AED}.Debug|ARM.ActiveCfg = Debug|ARM
		{22773C85-4174-4565-9039-40EBE54E8AED}.Debug|ARM.Build.0 = Debug|ARM
		{22773C85-4174-4565-9039-40EBE54E8AED}.Debug|ARM.Deploy.0 = Debug|ARM
		{22773C85-4174-4565-9039-40EBE54E8AED}.Debug|iPhone.ActiveCfg = Debug|x86
		{22773C85-4174-4565-9039-40EBE54E8AED}.Debug|iPhone.Build.0 = Debug|x86
		{22773C85-4174-4565-9039-40EBE54E8AED}.Debug|iPhone.Deploy.0 = Debug|x86
		{22773C85-4174-4565-9039-40EBE54E8AED}.Debug|iPhoneSimulator.ActiveCfg = Debug|x86
		{22773C85-4174-4565-9039-40EBE54E8AED}.Debug|iPhoneSimulator.Build.0 = Debug|x86
		{22773C85-4174-4565-9039-40EBE54E8AED}.Debug|iPhoneSimulator.Deploy.0 = Debug|x86
		{22773C85-4174-4565-9039-40EBE54E8AED}.Debug|x64.ActiveCfg = Debug|x64
		{22773C85-4174-4565-9039-40EBE54E8AED}.Debug|x64.Build.0 = Debug|x64
		{22773C85-4174-4565-9039-40EBE54E8AED}.Debug|x64.Deploy.0 = Debug|x64
		{22773C85-4174-4565-9039-40EBE54E8AED}.Debug|x86.ActiveCfg = Debug|x86
		{22773C85-4174-4565-9039-40EBE54E8AED}.Debug|x86.Build.0 = Debug|x86
		{22773C85-4174-4565-9039-40EBE54E8AED}.Debug|x86.Deploy.0 = Debug|x86
		{22773C85-4174-4565-9039-40EBE54E8AED}.Release|Any CPU.ActiveCfg = Release|x86
		{22773C85-4174-4565-9039-40EBE54E8AED}.Release|Any CPU.Build.0 = Release|x86
		{22773C85-4174-4565-9039-40EBE54E8AED}.Release|Any CPU.Deploy.0 = Release|x86
		{22773C85-4174-4565-9039-40EBE54E8AED}.Release|ARM.ActiveCfg = Release|ARM
		{22773C85-4174-4565-9039-40EBE54E8AED}.Release|ARM.Build.0 = Release|ARM
		{22773C85-4174-4565-9039-40EBE54E8AED}.Release|ARM.Deploy.0 = Release|ARM
		{22773C85-4174-4565-9039-40EBE54E8AED}.Release|iPhone.ActiveCfg = Release|x86
		{22773C85-4174-4565-9039-40EBE54E8AED}.Release|iPhone.Build.0 = Release|x86
		{22773C85-4174-4565-9039-40EBE54E8AED}.Release|iPhone.Deploy.0 = Release|x86
		{22773C85-4174-4565-9039-40EBE54E8AED}.Release|iPhoneSimulator.ActiveCfg = Release|x86
		{22773C85-4174-4565-9039-40EBE54E8AED}.Release|iPhoneSimulator.Build.0 = Release|x86
		{22773C85-4174-4565-9039-40EBE54E8AED}.Release|iPhoneSimulator.Deploy.0 = Release|x86
		{22773C85-4174-4565-9039-40EBE54E8AED}.Release|x64.ActiveCfg = Release|x64
		{22773C85-4174-4565-9039-40EBE54E8AED}.Release|x64.Build.0 = Release|x64
		{22773C85-4174-4565-9039-40EBE54E8AED}.Release|x64.Deploy.0 = Release|x64
		{22773C85-4174-4565-9039-40EBE54E8AED}.Release|x86.ActiveCfg = Release|x86
		{22773C85-4174-4565-9039-40EBE54E8AED}.Release|x86.Build.0 = Release|x86
		{22773C85-4174-4565-9039-40EBE54E8AED}.Release|x86.Deploy.0 = Release|x86
		{93D11BAB-D439-4424-B425-D34C964DD7A3}.Debug|Any CPU.ActiveCfg = Debug|Any CPU
		{93D11BAB-D439-4424-B425-D34C964DD7A3}.Debug|Any CPU.Build.0 = Debug|Any CPU
		{93D11BAB-D439-4424-B425-D34C964DD7A3}.Debug|Any CPU.Deploy.0 = Debug|Any CPU
		{93D11BAB-D439-4424-B425-D34C964DD7A3}.Debug|ARM.ActiveCfg = Debug|Any CPU
		{93D11BAB-D439-4424-B425-D34C964DD7A3}.Debug|ARM.Build.0 = Debug|Any CPU
		{93D11BAB-D439-4424-B425-D34C964DD7A3}.Debug|ARM.Deploy.0 = Debug|Any CPU
		{93D11BAB-D439-4424-B425-D34C964DD7A3}.Debug|iPhone.ActiveCfg = Debug|Any CPU
		{93D11BAB-D439-4424-B425-D34C964DD7A3}.Debug|iPhone.Build.0 = Debug|Any CPU
		{93D11BAB-D439-4424-B425-D34C964DD7A3}.Debug|iPhone.Deploy.0 = Debug|Any CPU
		{93D11BAB-D439-4424-B425-D34C964DD7A3}.Debug|iPhoneSimulator.ActiveCfg = Debug|Any CPU
		{93D11BAB-D439-4424-B425-D34C964DD7A3}.Debug|iPhoneSimulator.Build.0 = Debug|Any CPU
		{93D11BAB-D439-4424-B425-D34C964DD7A3}.Debug|iPhoneSimulator.Deploy.0 = Debug|Any CPU
		{93D11BAB-D439-4424-B425-D34C964DD7A3}.Debug|x64.ActiveCfg = Debug|Any CPU
		{93D11BAB-D439-4424-B425-D34C964DD7A3}.Debug|x64.Build.0 = Debug|Any CPU
		{93D11BAB-D439-4424-B425-D34C964DD7A3}.Debug|x64.Deploy.0 = Debug|Any CPU
		{93D11BAB-D439-4424-B425-D34C964DD7A3}.Debug|x86.ActiveCfg = Debug|Any CPU
		{93D11BAB-D439-4424-B425-D34C964DD7A3}.Debug|x86.Build.0 = Debug|Any CPU
		{93D11BAB-D439-4424-B425-D34C964DD7A3}.Debug|x86.Deploy.0 = Debug|Any CPU
		{93D11BAB-D439-4424-B425-D34C964DD7A3}.Release|Any CPU.ActiveCfg = Release|Any CPU
		{93D11BAB-D439-4424-B425-D34C964DD7A3}.Release|Any CPU.Build.0 = Release|Any CPU
		{93D11BAB-D439-4424-B425-D34C964DD7A3}.Release|Any CPU.Deploy.0 = Release|Any CPU
		{93D11BAB-D439-4424-B425-D34C964DD7A3}.Release|ARM.ActiveCfg = Release|Any CPU
		{93D11BAB-D439-4424-B425-D34C964DD7A3}.Release|ARM.Build.0 = Release|Any CPU
		{93D11BAB-D439-4424-B425-D34C964DD7A3}.Release|ARM.Deploy.0 = Release|Any CPU
		{93D11BAB-D439-4424-B425-D34C964DD7A3}.Release|iPhone.ActiveCfg = Release|Any CPU
		{93D11BAB-D439-4424-B425-D34C964DD7A3}.Release|iPhone.Build.0 = Release|Any CPU
		{93D11BAB-D439-4424-B425-D34C964DD7A3}.Release|iPhone.Deploy.0 = Release|Any CPU
		{93D11BAB-D439-4424-B425-D34C964DD7A3}.Release|iPhoneSimulator.ActiveCfg = Release|Any CPU
		{93D11BAB-D439-4424-B425-D34C964DD7A3}.Release|iPhoneSimulator.Build.0 = Release|Any CPU
		{93D11BAB-D439-4424-B425-D34C964DD7A3}.Release|iPhoneSimulator.Deploy.0 = Release|Any CPU
		{93D11BAB-D439-4424-B425-D34C964DD7A3}.Release|x64.ActiveCfg = Release|Any CPU
		{93D11BAB-D439-4424-B425-D34C964DD7A3}.Release|x64.Build.0 = Release|Any CPU
		{93D11BAB-D439-4424-B425-D34C964DD7A3}.Release|x64.Deploy.0 = Release|Any CPU
		{93D11BAB-D439-4424-B425-D34C964DD7A3}.Release|x86.ActiveCfg = Release|Any CPU
		{93D11BAB-D439-4424-B425-D34C964DD7A3}.Release|x86.Build.0 = Release|Any CPU
		{93D11BAB-D439-4424-B425-D34C964DD7A3}.Release|x86.Deploy.0 = Release|Any CPU
		{9909ED2E-954D-462C-92B6-796B2816EE33}.Debug|Any CPU.ActiveCfg = Debug|iPhoneSimulator
		{9909ED2E-954D-462C-92B6-796B2816EE33}.Debug|Any CPU.Build.0 = Debug|iPhoneSimulator
		{9909ED2E-954D-462C-92B6-796B2816EE33}.Debug|Any CPU.Deploy.0 = Debug|iPhoneSimulator
		{9909ED2E-954D-462C-92B6-796B2816EE33}.Debug|ARM.ActiveCfg = Debug|iPhone
		{9909ED2E-954D-462C-92B6-796B2816EE33}.Debug|ARM.Build.0 = Debug|iPhone
		{9909ED2E-954D-462C-92B6-796B2816EE33}.Debug|ARM.Deploy.0 = Debug|iPhone
		{9909ED2E-954D-462C-92B6-796B2816EE33}.Debug|iPhone.ActiveCfg = Debug|iPhone
		{9909ED2E-954D-462C-92B6-796B2816EE33}.Debug|iPhone.Build.0 = Debug|iPhone
		{9909ED2E-954D-462C-92B6-796B2816EE33}.Debug|iPhone.Deploy.0 = Debug|iPhone
		{9909ED2E-954D-462C-92B6-796B2816EE33}.Debug|iPhoneSimulator.ActiveCfg = Debug|iPhoneSimulator
		{9909ED2E-954D-462C-92B6-796B2816EE33}.Debug|iPhoneSimulator.Build.0 = Debug|iPhoneSimulator
		{9909ED2E-954D-462C-92B6-796B2816EE33}.Debug|iPhoneSimulator.Deploy.0 = Debug|iPhoneSimulator
		{9909ED2E-954D-462C-92B6-796B2816EE33}.Debug|x64.ActiveCfg = Debug|iPhoneSimulator
		{9909ED2E-954D-462C-92B6-796B2816EE33}.Debug|x64.Build.0 = Debug|iPhoneSimulator
		{9909ED2E-954D-462C-92B6-796B2816EE33}.Debug|x64.Deploy.0 = Debug|iPhoneSimulator
		{9909ED2E-954D-462C-92B6-796B2816EE33}.Debug|x86.ActiveCfg = Debug|iPhoneSimulator
		{9909ED2E-954D-462C-92B6-796B2816EE33}.Debug|x86.Build.0 = Debug|iPhoneSimulator
		{9909ED2E-954D-462C-92B6-796B2816EE33}.Debug|x86.Deploy.0 = Debug|iPhoneSimulator
		{9909ED2E-954D-462C-92B6-796B2816EE33}.Release|Any CPU.ActiveCfg = Release|iPhoneSimulator
		{9909ED2E-954D-462C-92B6-796B2816EE33}.Release|Any CPU.Build.0 = Release|iPhoneSimulator
		{9909ED2E-954D-462C-92B6-796B2816EE33}.Release|Any CPU.Deploy.0 = Release|iPhoneSimulator
		{9909ED2E-954D-462C-92B6-796B2816EE33}.Release|ARM.ActiveCfg = Release|iPhoneSimulator
		{9909ED2E-954D-462C-92B6-796B2816EE33}.Release|ARM.Build.0 = Release|iPhoneSimulator
		{9909ED2E-954D-462C-92B6-796B2816EE33}.Release|ARM.Deploy.0 = Release|iPhoneSimulator
		{9909ED2E-954D-462C-92B6-796B2816EE33}.Release|iPhone.ActiveCfg = Release|iPhone
		{9909ED2E-954D-462C-92B6-796B2816EE33}.Release|iPhone.Build.0 = Release|iPhone
		{9909ED2E-954D-462C-92B6-796B2816EE33}.Release|iPhone.Deploy.0 = Release|iPhone
		{9909ED2E-954D-462C-92B6-796B2816EE33}.Release|iPhoneSimulator.ActiveCfg = Release|iPhoneSimulator
		{9909ED2E-954D-462C-92B6-796B2816EE33}.Release|iPhoneSimulator.Build.0 = Release|iPhoneSimulator
		{9909ED2E-954D-462C-92B6-796B2816EE33}.Release|iPhoneSimulator.Deploy.0 = Release|iPhoneSimulator
		{9909ED2E-954D-462C-92B6-796B2816EE33}.Release|x64.ActiveCfg = Release|iPhoneSimulator
		{9909ED2E-954D-462C-92B6-796B2816EE33}.Release|x64.Build.0 = Release|iPhoneSimulator
		{9909ED2E-954D-462C-92B6-796B2816EE33}.Release|x64.Deploy.0 = Release|iPhoneSimulator
		{9909ED2E-954D-462C-92B6-796B2816EE33}.Release|x86.ActiveCfg = Release|iPhoneSimulator
		{9909ED2E-954D-462C-92B6-796B2816EE33}.Release|x86.Build.0 = Release|iPhoneSimulator
		{9909ED2E-954D-462C-92B6-796B2816EE33}.Release|x86.Deploy.0 = Release|iPhoneSimulator
		{C0E9A1B3-ADF5-46FF-865D-7FD4C445FF45}.Debug|Any CPU.ActiveCfg = Debug|Any CPU
		{C0E9A1B3-ADF5-46FF-865D-7FD4C445FF45}.Debug|Any CPU.Build.0 = Debug|Any CPU
		{C0E9A1B3-ADF5-46FF-865D-7FD4C445FF45}.Debug|Any CPU.Deploy.0 = Debug|Any CPU
		{C0E9A1B3-ADF5-46FF-865D-7FD4C445FF45}.Debug|ARM.ActiveCfg = Debug|Any CPU
		{C0E9A1B3-ADF5-46FF-865D-7FD4C445FF45}.Debug|ARM.Build.0 = Debug|Any CPU
		{C0E9A1B3-ADF5-46FF-865D-7FD4C445FF45}.Debug|ARM.Deploy.0 = Debug|Any CPU
		{C0E9A1B3-ADF5-46FF-865D-7FD4C445FF45}.Debug|iPhone.ActiveCfg = Debug|Any CPU
		{C0E9A1B3-ADF5-46FF-865D-7FD4C445FF45}.Debug|iPhone.Build.0 = Debug|Any CPU
		{C0E9A1B3-ADF5-46FF-865D-7FD4C445FF45}.Debug|iPhone.Deploy.0 = Debug|Any CPU
		{C0E9A1B3-ADF5-46FF-865D-7FD4C445FF45}.Debug|iPhoneSimulator.ActiveCfg = Debug|Any CPU
		{C0E9A1B3-ADF5-46FF-865D-7FD4C445FF45}.Debug|iPhoneSimulator.Build.0 = Debug|Any CPU
		{C0E9A1B3-ADF5-46FF-865D-7FD4C445FF45}.Debug|iPhoneSimulator.Deploy.0 = Debug|Any CPU
		{C0E9A1B3-ADF5-46FF-865D-7FD4C445FF45}.Debug|x64.ActiveCfg = Debug|Any CPU
		{C0E9A1B3-ADF5-46FF-865D-7FD4C445FF45}.Debug|x64.Build.0 = Debug|Any CPU
		{C0E9A1B3-ADF5-46FF-865D-7FD4C445FF45}.Debug|x64.Deploy.0 = Debug|Any CPU
		{C0E9A1B3-ADF5-46FF-865D-7FD4C445FF45}.Debug|x86.ActiveCfg = Debug|Any CPU
		{C0E9A1B3-ADF5-46FF-865D-7FD4C445FF45}.Debug|x86.Build.0 = Debug|Any CPU
		{C0E9A1B3-ADF5-46FF-865D-7FD4C445FF45}.Debug|x86.Deploy.0 = Debug|Any CPU
		{C0E9A1B3-ADF5-46FF-865D-7FD4C445FF45}.Release|Any CPU.ActiveCfg = Release|Any CPU
		{C0E9A1B3-ADF5-46FF-865D-7FD4C445FF45}.Release|Any CPU.Build.0 = Release|Any CPU
		{C0E9A1B3-ADF5-46FF-865D-7FD4C445FF45}.Release|Any CPU.Deploy.0 = Release|Any CPU
		{C0E9A1B3-ADF5-46FF-865D-7FD4C445FF45}.Release|ARM.ActiveCfg = Release|Any CPU
		{C0E9A1B3-ADF5-46FF-865D-7FD4C445FF45}.Release|ARM.Build.0 = Release|Any CPU
		{C0E9A1B3-ADF5-46FF-865D-7FD4C445FF45}.Release|ARM.Deploy.0 = Release|Any CPU
		{C0E9A1B3-ADF5-46FF-865D-7FD4C445FF45}.Release|iPhone.ActiveCfg = Release|Any CPU
		{C0E9A1B3-ADF5-46FF-865D-7FD4C445FF45}.Release|iPhone.Build.0 = Release|Any CPU
		{C0E9A1B3-ADF5-46FF-865D-7FD4C445FF45}.Release|iPhone.Deploy.0 = Release|Any CPU
		{C0E9A1B3-ADF5-46FF-865D-7FD4C445FF45}.Release|iPhoneSimulator.ActiveCfg = Release|Any CPU
		{C0E9A1B3-ADF5-46FF-865D-7FD4C445FF45}.Release|iPhoneSimulator.Build.0 = Release|Any CPU
		{C0E9A1B3-ADF5-46FF-865D-7FD4C445FF45}.Release|iPhoneSimulator.Deploy.0 = Release|Any CPU
		{C0E9A1B3-ADF5-46FF-865D-7FD4C445FF45}.Release|x64.ActiveCfg = Release|Any CPU
		{C0E9A1B3-ADF5-46FF-865D-7FD4C445FF45}.Release|x64.Build.0 = Release|Any CPU
		{C0E9A1B3-ADF5-46FF-865D-7FD4C445FF45}.Release|x64.Deploy.0 = Release|Any CPU
		{C0E9A1B3-ADF5-46FF-865D-7FD4C445FF45}.Release|x86.ActiveCfg = Release|Any CPU
		{C0E9A1B3-ADF5-46FF-865D-7FD4C445FF45}.Release|x86.Build.0 = Release|Any CPU
		{C0E9A1B3-ADF5-46FF-865D-7FD4C445FF45}.Release|x86.Deploy.0 = Release|Any CPU
	EndGlobalSection
	GlobalSection(SolutionProperties) = preSolution
		HideSolutionNode = FALSE
	EndGlobalSection
	GlobalSection(ExtensibilityGlobals) = postSolution
		SolutionGuid = {ECA6F869-02AD-495B-8EE9-0CEE24EFD926}
	EndGlobalSection
EndGlobal
